
Microsoft Visual Studio Solution File, Format Version 12.00
# Visual Studio Version 16
VisualStudioVersion = 16.0.31624.102
MinimumVisualStudioVersion = 10.0.40219.1
Project("{FAE04EC0-301F-11D3-BF4B-00C04F79EFBC}") = "testPjt", "testPjt\testPjt.csproj", "{A1140211-C13C-4401-8A9D-0EFFC5B7B4AA}"
EndProject
Project("{FAE04EC0-301F-11D3-BF4B-00C04F79EFBC}") = "unitTest", "unitTest\unitTest.csproj", "{2F126389-43F0-41EA-8FFC-7E68CB8A5B8B}"
EndProject
Global
	GlobalSection(SolutionConfigurationPlatforms) = preSolution
		Debug|Any CPU = Debug|Any CPU
		Release|Any CPU = Release|Any CPU
	EndGlobalSection
	GlobalSection(ProjectConfigurationPlatforms) = postSolution
		{A1140211-C13C-4401-8A9D-0EFFC5B7B4AA}.Debug|Any CPU.ActiveCfg = Debug|Any CPU
		{A1140211-C13C-4401-8A9D-0EFFC5B7B4AA}.Debug|Any CPU.Build.0 = Debug|Any CPU
		{A1140211-C13C-4401-8A9D-0EFFC5B7B4AA}.Release|Any CPU.ActiveCfg = Release|Any CPU
		{A1140211-C13C-4401-8A9D-0EFFC5B7B4AA}.Release|Any CPU.Build.0 = Release|Any CPU
		{2F126389-43F0-41EA-8FFC-7E68CB8A5B8B}.Debug|Any CPU.ActiveCfg = Debug|Any CPU
		{2F126389-43F0-41EA-8FFC-7E68CB8A5B8B}.Debug|Any CPU.Build.0 = Debug|Any CPU
		{2F126389-43F0-41EA-8FFC-7E68CB8A5B8B}.Release|Any CPU.ActiveCfg = Release|Any CPU
		{2F126389-43F0-41EA-8FFC-7E68CB8A5B8B}.Release|Any CPU.Build.0 = Release|Any CPU
	EndGlobalSection
	GlobalSection(SolutionProperties) = preSolution
		HideSolutionNode = FALSE
	EndGlobalSection
	GlobalSection(ExtensibilityGlobals) = postSolution
		SolutionGuid = {949DB79E-C7EA-47A4-B796-E124E3F58716}
	EndGlobalSection
EndGlobal
