
Microsoft Visual Studio Solution File, Format Version 12.00
# Visual Studio Version 16
VisualStudioVersion = 16.0.31624.102
MinimumVisualStudioVersion = 10.0.40219.1
Project("{FAE04EC0-301F-11D3-BF4B-00C04F79EFBC}") = "bitthPjt", "bitthPjt\bitthPjt.csproj", "{0C393177-6CD6-49A8-9143-F2D10EEC7447}"
EndProject
Global
	GlobalSection(SolutionConfigurationPlatforms) = preSolution
		Debug|Any CPU = Debug|Any CPU
		Release|Any CPU = Release|Any CPU
	EndGlobalSection
	GlobalSection(ProjectConfigurationPlatforms) = postSolution
		{0C393177-6CD6-49A8-9143-F2D10EEC7447}.Debug|Any CPU.ActiveCfg = Debug|Any CPU
		{0C393177-6CD6-49A8-9143-F2D10EEC7447}.Debug|Any CPU.Build.0 = Debug|Any CPU
		{0C393177-6CD6-49A8-9143-F2D10EEC7447}.Release|Any CPU.ActiveCfg = Release|Any CPU
		{0C393177-6CD6-49A8-9143-F2D10EEC7447}.Release|Any CPU.Build.0 = Release|Any CPU
	EndGlobalSection
	GlobalSection(SolutionProperties) = preSolution
		HideSolutionNode = FALSE
	EndGlobalSection
	GlobalSection(ExtensibilityGlobals) = postSolution
		SolutionGuid = {2586E658-CC49-417A-8D4D-8CFBD641FB07}
	EndGlobalSection
EndGlobal
