
Microsoft Visual Studio Solution File, Format Version 12.00
# Visual Studio Version 16
VisualStudioVersion = 16.0.31624.102
MinimumVisualStudioVersion = 10.0.40219.1
Project("{FAE04EC0-301F-11D3-BF4B-00C04F79EFBC}") = "style_implicit_dynamic.Android", "style_implicit_dynamic\style_implicit_dynamic.Android\style_implicit_dynamic.Android.csproj", "{0EE8B3BD-AE3A-4BB1-B716-13E7CBC9AF25}"
EndProject
Project("{FAE04EC0-301F-11D3-BF4B-00C04F79EFBC}") = "style_implicit_dynamic", "style_implicit_dynamic\style_implicit_dynamic\style_implicit_dynamic.csproj", "{374298F5-56E6-42D1-8958-9A23ABE16E9D}"
EndProject
Global
	GlobalSection(SolutionConfigurationPlatforms) = preSolution
		Debug|Any CPU = Debug|Any CPU
		Release|Any CPU = Release|Any CPU
	EndGlobalSection
	GlobalSection(ProjectConfigurationPlatforms) = postSolution
		{0EE8B3BD-AE3A-4BB1-B716-13E7CBC9AF25}.Debug|Any CPU.ActiveCfg = Debug|Any CPU
		{0EE8B3BD-AE3A-4BB1-B716-13E7CBC9AF25}.Debug|Any CPU.Build.0 = Debug|Any CPU
		{0EE8B3BD-AE3A-4BB1-B716-13E7CBC9AF25}.Debug|Any CPU.Deploy.0 = Debug|Any CPU
		{0EE8B3BD-AE3A-4BB1-B716-13E7CBC9AF25}.Release|Any CPU.ActiveCfg = Release|Any CPU
		{0EE8B3BD-AE3A-4BB1-B716-13E7CBC9AF25}.Release|Any CPU.Build.0 = Release|Any CPU
		{0EE8B3BD-AE3A-4BB1-B716-13E7CBC9AF25}.Release|Any CPU.Deploy.0 = Release|Any CPU
		{374298F5-56E6-42D1-8958-9A23ABE16E9D}.Debug|Any CPU.ActiveCfg = Debug|Any CPU
		{374298F5-56E6-42D1-8958-9A23ABE16E9D}.Debug|Any CPU.Build.0 = Debug|Any CPU
		{374298F5-56E6-42D1-8958-9A23ABE16E9D}.Debug|Any CPU.Deploy.0 = Debug|Any CPU
		{374298F5-56E6-42D1-8958-9A23ABE16E9D}.Release|Any CPU.ActiveCfg = Release|Any CPU
		{374298F5-56E6-42D1-8958-9A23ABE16E9D}.Release|Any CPU.Build.0 = Release|Any CPU
		{374298F5-56E6-42D1-8958-9A23ABE16E9D}.Release|Any CPU.Deploy.0 = Release|Any CPU
	EndGlobalSection
	GlobalSection(SolutionProperties) = preSolution
		HideSolutionNode = FALSE
	EndGlobalSection
	GlobalSection(ExtensibilityGlobals) = postSolution
		SolutionGuid = {19CA9729-282B-4C3E-B1C9-35B9261DC26A}
	EndGlobalSection
EndGlobal
