
Microsoft Visual Studio Solution File, Format Version 12.00
# Visual Studio Version 16
VisualStudioVersion = 16.0.31624.102
MinimumVisualStudioVersion = 10.0.40219.1
Project("{FAE04EC0-301F-11D3-BF4B-00C04F79EFBC}") = "picker.Android", "picker\picker.Android\picker.Android.csproj", "{AE08342E-E6A4-4D2E-AEE1-79EF885A5AE7}"
EndProject
Project("{FAE04EC0-301F-11D3-BF4B-00C04F79EFBC}") = "picker", "picker\picker\picker.csproj", "{6A841F94-1CAC-4E12-ACAC-0517D6813C8C}"
EndProject
Global
	GlobalSection(SolutionConfigurationPlatforms) = preSolution
		Debug|Any CPU = Debug|Any CPU
		Release|Any CPU = Release|Any CPU
	EndGlobalSection
	GlobalSection(ProjectConfigurationPlatforms) = postSolution
		{AE08342E-E6A4-4D2E-AEE1-79EF885A5AE7}.Debug|Any CPU.ActiveCfg = Debug|Any CPU
		{AE08342E-E6A4-4D2E-AEE1-79EF885A5AE7}.Debug|Any CPU.Build.0 = Debug|Any CPU
		{AE08342E-E6A4-4D2E-AEE1-79EF885A5AE7}.Debug|Any CPU.Deploy.0 = Debug|Any CPU
		{AE08342E-E6A4-4D2E-AEE1-79EF885A5AE7}.Release|Any CPU.ActiveCfg = Release|Any CPU
		{AE08342E-E6A4-4D2E-AEE1-79EF885A5AE7}.Release|Any CPU.Build.0 = Release|Any CPU
		{AE08342E-E6A4-4D2E-AEE1-79EF885A5AE7}.Release|Any CPU.Deploy.0 = Release|Any CPU
		{6A841F94-1CAC-4E12-ACAC-0517D6813C8C}.Debug|Any CPU.ActiveCfg = Debug|Any CPU
		{6A841F94-1CAC-4E12-ACAC-0517D6813C8C}.Debug|Any CPU.Build.0 = Debug|Any CPU
		{6A841F94-1CAC-4E12-ACAC-0517D6813C8C}.Debug|Any CPU.Deploy.0 = Debug|Any CPU
		{6A841F94-1CAC-4E12-ACAC-0517D6813C8C}.Release|Any CPU.ActiveCfg = Release|Any CPU
		{6A841F94-1CAC-4E12-ACAC-0517D6813C8C}.Release|Any CPU.Build.0 = Release|Any CPU
		{6A841F94-1CAC-4E12-ACAC-0517D6813C8C}.Release|Any CPU.Deploy.0 = Release|Any CPU
	EndGlobalSection
	GlobalSection(SolutionProperties) = preSolution
		HideSolutionNode = FALSE
	EndGlobalSection
	GlobalSection(ExtensibilityGlobals) = postSolution
		SolutionGuid = {E168DB55-7A7D-406F-9ED2-A652F5717FA8}
	EndGlobalSection
EndGlobal
