
Microsoft Visual Studio Solution File, Format Version 12.00
# Visual Studio Version 16
VisualStudioVersion = 16.0.31702.278
MinimumVisualStudioVersion = 10.0.40219.1
Project("{FAE04EC0-301F-11D3-BF4B-00C04F79EFBC}") = "ResourceDictionary.Android", "ResourceDictionary\ResourceDictionary.Android\ResourceDictionary.Android.csproj", "{B254B954-46DA-4DA7-B1C3-6B6AF9072EE7}"
EndProject
Project("{FAE04EC0-301F-11D3-BF4B-00C04F79EFBC}") = "ResourceDictionary", "ResourceDictionary\ResourceDictionary\ResourceDictionary.csproj", "{C593B944-B750-4CD0-90B8-790567A57E0E}"
EndProject
Global
	GlobalSection(SolutionConfigurationPlatforms) = preSolution
		Debug|Any CPU = Debug|Any CPU
		Release|Any CPU = Release|Any CPU
	EndGlobalSection
	GlobalSection(ProjectConfigurationPlatforms) = postSolution
		{B254B954-46DA-4DA7-B1C3-6B6AF9072EE7}.Debug|Any CPU.ActiveCfg = Debug|Any CPU
		{B254B954-46DA-4DA7-B1C3-6B6AF9072EE7}.Debug|Any CPU.Build.0 = Debug|Any CPU
		{B254B954-46DA-4DA7-B1C3-6B6AF9072EE7}.Debug|Any CPU.Deploy.0 = Debug|Any CPU
		{B254B954-46DA-4DA7-B1C3-6B6AF9072EE7}.Release|Any CPU.ActiveCfg = Release|Any CPU
		{B254B954-46DA-4DA7-B1C3-6B6AF9072EE7}.Release|Any CPU.Build.0 = Release|Any CPU
		{B254B954-46DA-4DA7-B1C3-6B6AF9072EE7}.Release|Any CPU.Deploy.0 = Release|Any CPU
		{C593B944-B750-4CD0-90B8-790567A57E0E}.Debug|Any CPU.ActiveCfg = Debug|Any CPU
		{C593B944-B750-4CD0-90B8-790567A57E0E}.Debug|Any CPU.Build.0 = Debug|Any CPU
		{C593B944-B750-4CD0-90B8-790567A57E0E}.Debug|Any CPU.Deploy.0 = Debug|Any CPU
		{C593B944-B750-4CD0-90B8-790567A57E0E}.Release|Any CPU.ActiveCfg = Release|Any CPU
		{C593B944-B750-4CD0-90B8-790567A57E0E}.Release|Any CPU.Build.0 = Release|Any CPU
		{C593B944-B750-4CD0-90B8-790567A57E0E}.Release|Any CPU.Deploy.0 = Release|Any CPU
	EndGlobalSection
	GlobalSection(SolutionProperties) = preSolution
		HideSolutionNode = FALSE
	EndGlobalSection
	GlobalSection(ExtensibilityGlobals) = postSolution
		SolutionGuid = {A4EBBF89-DFE4-4E01-9DD1-F6BB3B6DF004}
	EndGlobalSection
EndGlobal
